
Microsoft Visual Studio Solution File, Format Version 12.00
# Visual Studio Version 17
VisualStudioVersion = 17.9.34728.123
MinimumVisualStudioVersion = 10.0.40219.1
Project("{9A19103F-16F7-4668-BE54-9A1E7A4F7556}") = "GithubWEBAppLean", "GithubWEBAppLean.csproj", "{A1207AD8-A1D9-4AE8-BC9D-0F19CE06ED8D}"
EndProject
Global
	GlobalSection(SolutionConfigurationPlatforms) = preSolution
		Debug|Any CPU = Debug|Any CPU
		Release|Any CPU = Release|Any CPU
	EndGlobalSection
	GlobalSection(ProjectConfigurationPlatforms) = postSolution
		{A1207AD8-A1D9-4AE8-BC9D-0F19CE06ED8D}.Debug|Any CPU.ActiveCfg = Debug|Any CPU
		{A1207AD8-A1D9-4AE8-BC9D-0F19CE06ED8D}.Debug|Any CPU.Build.0 = Debug|Any CPU
		{A1207AD8-A1D9-4AE8-BC9D-0F19CE06ED8D}.Release|Any CPU.ActiveCfg = Release|Any CPU
		{A1207AD8-A1D9-4AE8-BC9D-0F19CE06ED8D}.Release|Any CPU.Build.0 = Release|Any CPU
	EndGlobalSection
	GlobalSection(SolutionProperties) = preSolution
		HideSolutionNode = FALSE
	EndGlobalSection
	GlobalSection(ExtensibilityGlobals) = postSolution
		SolutionGuid = {C47962FB-4353-4862-A9AC-B21DDE0AD3DF}
	EndGlobalSection
EndGlobal
